// !$*UTF8*$!
{
	archiveVersion = 1;
	classes = {
	};
	objectVersion = 46;
	objects = {

/* Begin PBXBuildFile section */
		A768B07916E125D90076ADB3 /* genSun.cc in Sources */ = {isa = PBXBuildFile; fileRef = A768B07316E125D90076ADB3 /* genSun.cc */; };
/* End PBXBuildFile section */

/* Begin PBXCopyFilesBuildPhase section */
		A72AD9F216A8AC6B00749EF8 /* CopyFiles */ = {
			isa = PBXCopyFilesBuildPhase;
			buildActionMask = 12;
			dstPath = "";
			dstSubfolderSpec = 16;
			files = (
			);
			runOnlyForDeploymentPostprocessing = 0;
		};
/* End PBXCopyFilesBuildPhase section */

/* Begin PBXFileReference section */
		A72AD9F416A8AC6B00749EF8 /* genSun */ = {isa = PBXFileReference; explicitFileType = "compiled.mach-o.executable"; includeInIndex = 0; path = genSun; sourceTree = BUILT_PRODUCTS_DIR; };
		A768B07116E125D90076ADB3 /* cardSunBatch.card */ = {isa = PBXFileReference; fileEncoding = 4; lastKnownFileType = text; path = cardSunBatch.card; sourceTree = "<group>"; };
		A768B07216E125D90076ADB3 /* cardSunTest.card */ = {isa = PBXFileReference; fileEncoding = 4; lastKnownFileType = text; path = cardSunTest.card; sourceTree = "<group>"; };
		A768B07316E125D90076ADB3 /* genSun.cc */ = {isa = PBXFileReference; fileEncoding = 4; lastKnownFileType = sourcecode.cpp.cpp; path = genSun.cc; sourceTree = "<group>"; };
		A768B07416E125D90076ADB3 /* Makefile */ = {isa = PBXFileReference; fileEncoding = 4; lastKnownFileType = sourcecode.make; path = Makefile; sourceTree = "<group>"; };
		A768B07516E125D90076ADB3 /* Makefile-ied */ = {isa = PBXFileReference; fileEncoding = 4; lastKnownFileType = text; path = "Makefile-ied"; sourceTree = "<group>"; };
		A768B07616E125D90076ADB3 /* Makefile-lxplus */ = {isa = PBXFileReference; fileEncoding = 4; lastKnownFileType = text; path = "Makefile-lxplus"; sourceTree = "<group>"; };
		A768B07716E125D90076ADB3 /* Makefile-wn */ = {isa = PBXFileReference; fileEncoding = 4; lastKnownFileType = text; path = "Makefile-wn"; sourceTree = "<group>"; };
		A768B07816E125D90076ADB3 /* runSpectra.sh */ = {isa = PBXFileReference; fileEncoding = 4; lastKnownFileType = text.script.sh; path = runSpectra.sh; sourceTree = "<group>"; };
/* End PBXFileReference section */

/* Begin PBXFrameworksBuildPhase section */
		A72AD9F116A8AC6B00749EF8 /* Frameworks */ = {
			isa = PBXFrameworksBuildPhase;
			buildActionMask = 2147483647;
			files = (
			);
			runOnlyForDeploymentPostprocessing = 0;
		};
/* End PBXFrameworksBuildPhase section */

/* Begin PBXGroup section */
		A72AD9E116A8AAF900749EF8 = {
			isa = PBXGroup;
			children = (
				A768B07016E125D90076ADB3 /* genSun */,
				A72AD9F516A8AC6B00749EF8 /* Products */,
			);
			sourceTree = "<group>";
		};
		A72AD9F516A8AC6B00749EF8 /* Products */ = {
			isa = PBXGroup;
			children = (
				A72AD9F416A8AC6B00749EF8 /* genSun */,
			);
			name = Products;
			sourceTree = "<group>";
		};
		A768B07016E125D90076ADB3 /* genSun */ = {
			isa = PBXGroup;
			children = (
				A768B07116E125D90076ADB3 /* cardSunBatch.card */,
				A768B07216E125D90076ADB3 /* cardSunTest.card */,
				A768B07316E125D90076ADB3 /* genSun.cc */,
				A768B07416E125D90076ADB3 /* Makefile */,
				A768B07516E125D90076ADB3 /* Makefile-ied */,
				A768B07616E125D90076ADB3 /* Makefile-lxplus */,
				A768B07716E125D90076ADB3 /* Makefile-wn */,
				A768B07816E125D90076ADB3 /* runSpectra.sh */,
			);
			name = genSun;
			path = pythia8175/genSun;
			sourceTree = "<group>";
		};
/* End PBXGroup section */

/* Begin PBXNativeTarget section */
		A72AD9F316A8AC6B00749EF8 /* genSun */ = {
			isa = PBXNativeTarget;
			buildConfigurationList = A72AD9FC16A8AC6B00749EF8 /* Build configuration list for PBXNativeTarget "genSun" */;
			buildPhases = (
				A72AD9F016A8AC6B00749EF8 /* Sources */,
				A72AD9F116A8AC6B00749EF8 /* Frameworks */,
				A72AD9F216A8AC6B00749EF8 /* CopyFiles */,
			);
			buildRules = (
			);
			dependencies = (
			);
			name = genSun;
			productName = genSun;
			productReference = A72AD9F416A8AC6B00749EF8 /* genSun */;
			productType = "com.apple.product-type.tool";
		};
/* End PBXNativeTarget section */

/* Begin PBXProject section */
		A72AD9E316A8AAF900749EF8 /* Project object */ = {
			isa = PBXProject;
			attributes = {
				LastUpgradeCheck = 0460;
			};
			buildConfigurationList = A72AD9E616A8AAF900749EF8 /* Build configuration list for PBXProject "genSun" */;
			compatibilityVersion = "Xcode 3.2";
			developmentRegion = English;
			hasScannedForEncodings = 0;
			knownRegions = (
				en,
			);
			mainGroup = A72AD9E116A8AAF900749EF8;
			productRefGroup = A72AD9F516A8AC6B00749EF8 /* Products */;
			projectDirPath = "";
			projectRoot = "";
			targets = (
				A72AD9F316A8AC6B00749EF8 /* genSun */,
			);
		};
/* End PBXProject section */

/* Begin PBXSourcesBuildPhase section */
		A72AD9F016A8AC6B00749EF8 /* Sources */ = {
			isa = PBXSourcesBuildPhase;
			buildActionMask = 2147483647;
			files = (
				A768B07916E125D90076ADB3 /* genSun.cc in Sources */,
			);
			runOnlyForDeploymentPostprocessing = 0;
		};
/* End PBXSourcesBuildPhase section */

/* Begin XCBuildConfiguration section */
		A72AD9E816A8AAF900749EF8 /* Debug */ = {
			isa = XCBuildConfiguration;
			buildSettings = {
				ARCHS = "$(ARCHS_STANDARD_64_BIT)";
				CLANG_CXX_LANGUAGE_STANDARD = "gnu++0x";
				CLANG_CXX_LIBRARY = "libc++";
				DEBUG_INFORMATION_FORMAT = "dwarf-with-dsym";
				FRAMEWORK_SEARCH_PATHS = "";
				GCC_CHAR_IS_UNSIGNED_CHAR = YES;
				GCC_C_LANGUAGE_STANDARD = gnu99;
				GENERATE_MASTER_OBJECT_FILE = NO;
				GENERATE_PROFILING_CODE = YES;
				HEADER_SEARCH_PATHS = (
					/Users/joosep/Documents/pythia8170/include,
					/Applications/root/include,
				);
				LD_MAP_FILE_PATH = "";
				LIBRARY_SEARCH_PATHS = /Users/joosep/Documents/pythia8170/lib/archive;
				MACOSX_DEPLOYMENT_TARGET = 10.8;
				ONLY_ACTIVE_ARCH = YES;
				OTHER_LDFLAGS = "";
				PRECOMPS_INCLUDE_HEADERS_FROM_BUILT_PRODUCTS_DIR = NO;
				PRELINK_LIBS = "";
				RUN_CLANG_STATIC_ANALYZER = NO;
				SCAN_ALL_SOURCE_FILES_FOR_INCLUDES = NO;
				SDKROOT = macosx;
				VALIDATE_PRODUCT = NO;
			};
			name = Debug;
		};
		A72AD9E916A8AAF900749EF8 /* Release */ = {
			isa = XCBuildConfiguration;
			buildSettings = {
				ARCHS = "$(ARCHS_STANDARD_64_BIT)";
				CLANG_CXX_LANGUAGE_STANDARD = "gnu++0x";
				CLANG_CXX_LIBRARY = "libc++";
				DEBUG_INFORMATION_FORMAT = "dwarf-with-dsym";
				FRAMEWORK_SEARCH_PATHS = "";
				GCC_CHAR_IS_UNSIGNED_CHAR = YES;
				GCC_C_LANGUAGE_STANDARD = gnu99;
				GENERATE_MASTER_OBJECT_FILE = NO;
				GENERATE_PROFILING_CODE = YES;
				HEADER_SEARCH_PATHS = (
					/Users/joosep/Documents/pythia8170/include,
					/Applications/root/include,
				);
				LIBRARY_SEARCH_PATHS = /Users/joosep/Documents/pythia8170/lib/archive;
				MACOSX_DEPLOYMENT_TARGET = 10.8;
				ONLY_ACTIVE_ARCH = YES;
				OTHER_LDFLAGS = "";
				PRECOMPS_INCLUDE_HEADERS_FROM_BUILT_PRODUCTS_DIR = NO;
				PRELINK_LIBS = "";
				RUN_CLANG_STATIC_ANALYZER = NO;
				SCAN_ALL_SOURCE_FILES_FOR_INCLUDES = NO;
				SDKROOT = macosx;
				VALIDATE_PRODUCT = NO;
			};
			name = Release;
		};
		A72AD9FD16A8AC6B00749EF8 /* Debug */ = {
			isa = XCBuildConfiguration;
			buildSettings = {
				ALWAYS_SEARCH_USER_PATHS = YES;
				ARCHS = "$(ARCHS_STANDARD_32_64_BIT)";
				CLANG_ANALYZER_SECURITY_FLOATLOOPCOUNTER = YES;
				CLANG_ANALYZER_SECURITY_INSECUREAPI_RAND = YES;
				CLANG_ANALYZER_SECURITY_INSECUREAPI_STRCPY = YES;
				CLANG_CXX_LANGUAGE_STANDARD = "c++0x";
				CLANG_CXX_LIBRARY = "libc++";
				CLANG_ENABLE_OBJC_ARC = NO;
				CLANG_LINK_OBJC_RUNTIME = NO;
				CLANG_WARN_CXX0X_EXTENSIONS = YES;
				CLANG_WARN_DEPRECATED_OBJC_IMPLEMENTATIONS = YES;
				CLANG_WARN_EMPTY_BODY = YES;
				CLANG_WARN_OBJC_IMPLICIT_ATOMIC_PROPERTIES = YES;
				CLANG_WARN_OBJC_MISSING_PROPERTY_SYNTHESIS = YES;
				CLANG_WARN_OBJC_RECEIVER_WEAK = YES;
				CLANG_WARN_SUSPICIOUS_IMPLICIT_CONVERSION = YES;
				CLANG_WARN__DUPLICATE_METHOD_MATCH = YES;
				CLANG_WARN__EXIT_TIME_DESTRUCTORS = YES;
				COPY_PHASE_STRIP = NO;
				DEAD_CODE_STRIPPING = NO;
				FRAMEWORK_SEARCH_PATHS = "";
				GCC_C_LANGUAGE_STANDARD = "compiler-default";
				GCC_DYNAMIC_NO_PIC = NO;
				GCC_ENABLE_CPP_EXCEPTIONS = YES;
				GCC_ENABLE_CPP_RTTI = YES;
				GCC_ENABLE_FLOATING_POINT_LIBRARY_CALLS = YES;
				GCC_ENABLE_OBJC_EXCEPTIONS = NO;
				GCC_ENABLE_TRIGRAPHS = YES;
				GCC_FAST_OBJC_DISPATCH = NO;
				GCC_INPUT_FILETYPE = sourcecode.cpp.cpp;
				GCC_NO_COMMON_BLOCKS = YES;
				GCC_OPTIMIZATION_LEVEL = 0;
				GCC_SYMBOLS_PRIVATE_EXTERN = NO;
				GCC_TREAT_IMPLICIT_FUNCTION_DECLARATIONS_AS_ERRORS = YES;
				GCC_TREAT_INCOMPATIBLE_POINTER_TYPE_WARNINGS_AS_ERRORS = YES;
				GCC_USE_INDIRECT_FUNCTION_CALLS = YES;
				GCC_USE_REGISTER_FUNCTION_CALLS = YES;
				GCC_USE_STANDARD_INCLUDE_SEARCHING = YES;
				GCC_VERSION = com.apple.compilers.llvm.clang.1_0;
				GCC_WARN_64_TO_32_BIT_CONVERSION = YES;
				GCC_WARN_ABOUT_MISSING_FIELD_INITIALIZERS = YES;
				GCC_WARN_ABOUT_MISSING_PROTOTYPES = YES;
				GCC_WARN_ABOUT_RETURN_TYPE = YES;
				GCC_WARN_FOUR_CHARACTER_CONSTANTS = YES;
				GCC_WARN_HIDDEN_VIRTUAL_FUNCTIONS = YES;
				GCC_WARN_INITIALIZER_NOT_FULLY_BRACKETED = YES;
				GCC_WARN_MULTIPLE_DEFINITION_TYPES_FOR_SELECTOR = YES;
				GCC_WARN_NON_VIRTUAL_DESTRUCTOR = YES;
				GCC_WARN_PEDANTIC = YES;
				GCC_WARN_SIGN_COMPARE = YES;
				GCC_WARN_STRICT_SELECTOR_MATCH = YES;
				GCC_WARN_UNDECLARED_SELECTOR = YES;
				GCC_WARN_UNINITIALIZED_AUTOS = YES;
				GCC_WARN_UNKNOWN_PRAGMAS = YES;
				GCC_WARN_UNUSED_FUNCTION = YES;
				GCC_WARN_UNUSED_LABEL = YES;
				GCC_WARN_UNUSED_PARAMETER = YES;
				GCC_WARN_UNUSED_VARIABLE = YES;
				GENERATE_MASTER_OBJECT_FILE = YES;
				GENERATE_PROFILING_CODE = YES;
				HEADER_SEARCH_PATHS = (
					"/Applications/root/include/**",
					"/Users/joosep/Documents/gsl/**",
					"../include/**",
				);
				KEEP_PRIVATE_EXTERNS = NO;
				LD_GENERATE_MAP_FILE = YES;
				LD_MAP_FILE_PATH = "$(TARGET_TEMP_DIR)/$(PRODUCT_NAME)-LinkMap-$(CURRENT_VARIANT)-$(CURRENT_ARCH).txt";
				LD_NO_PIE = YES;
				LIBRARY_SEARCH_PATHS = (
					"\"$(SYSTEM_APPS_DIR)/root/lib\"/**",
					"/Users/joosep/Documents/gsl/libs/**",
					"../lib/archive/**",
				);
				LINKER_DISPLAYS_MANGLED_NAMES = NO;
				LINK_WITH_STANDARD_LIBRARIES = YES;
				LLVM_LTO = NO;
				MACH_O_TYPE = mh_execute;
				MACOSX_DEPLOYMENT_TARGET = 10.8;
				ONLY_ACTIVE_ARCH = YES;
				OSACOMPILE_EXECUTE_ONLY = YES;
				OTHER_CFLAGS = "";
				OTHER_CPLUSPLUSFLAGS = "";
				OTHER_LDFLAGS = (
					"-lpthread",
					"-lm",
					"-ldl",
					"-lSystem",
					"-dynamic",
					"-keep_private_externs",
					"-flat_namespace",
					"-L/Users/joosep/Documents/gsl/libs",
					"-lgsl",
					"-rpath",
					/Applications/root/lib,
					"-lCore",
					"-lCint",
					"-lRIO",
					"-lNet",
					"-lHist",
					"-lGraf",
					"-lGraf3d",
					"-lGpad",
					"-lTree",
					"-lRint",
					"-lPostscript",
					"-lMatrix",
					"-lPhysics",
					"-lMathCore",
					../lib/archive/liblhapdfdummy.a,
					../lib/archive/libpythia8.a,
					"-lThread",
				);
				PRECOMPS_INCLUDE_HEADERS_FROM_BUILT_PRODUCTS_DIR = NO;
				PRELINK_LIBS = "";
				PRODUCT_NAME = "$(TARGET_NAME)";
				RUN_CLANG_STATIC_ANALYZER = NO;
				SCAN_ALL_SOURCE_FILES_FOR_INCLUDES = NO;
				SDKROOT = macosx;
				SEPARATE_SYMBOL_EDIT = NO;
				VALIDATE_PRODUCT = NO;
			};
			name = Debug;
		};
		A72AD9FE16A8AC6B00749EF8 /* Release */ = {
			isa = XCBuildConfiguration;
			buildSettings = {
				ALWAYS_SEARCH_USER_PATHS = YES;
				ARCHS = "$(ARCHS_STANDARD_32_64_BIT)";
				CLANG_ANALYZER_SECURITY_FLOATLOOPCOUNTER = YES;
				CLANG_ANALYZER_SECURITY_INSECUREAPI_RAND = YES;
				CLANG_ANALYZER_SECURITY_INSECUREAPI_STRCPY = YES;
				CLANG_CXX_LANGUAGE_STANDARD = "c++0x";
				CLANG_CXX_LIBRARY = "libc++";
				CLANG_ENABLE_OBJC_ARC = NO;
				CLANG_LINK_OBJC_RUNTIME = NO;
				CLANG_WARN_CXX0X_EXTENSIONS = YES;
				CLANG_WARN_DEPRECATED_OBJC_IMPLEMENTATIONS = YES;
				CLANG_WARN_EMPTY_BODY = YES;
				CLANG_WARN_OBJC_IMPLICIT_ATOMIC_PROPERTIES = YES;
				CLANG_WARN_OBJC_MISSING_PROPERTY_SYNTHESIS = YES;
				CLANG_WARN_OBJC_RECEIVER_WEAK = YES;
				CLANG_WARN_SUSPICIOUS_IMPLICIT_CONVERSION = YES;
				CLANG_WARN__DUPLICATE_METHOD_MATCH = YES;
				CLANG_WARN__EXIT_TIME_DESTRUCTORS = YES;
				COPY_PHASE_STRIP = YES;
				DEAD_CODE_STRIPPING = NO;
				DEBUG_INFORMATION_FORMAT = "dwarf-with-dsym";
				FRAMEWORK_SEARCH_PATHS = "";
				GCC_C_LANGUAGE_STANDARD = "compiler-default";
				GCC_DYNAMIC_NO_PIC = NO;
				GCC_ENABLE_CPP_EXCEPTIONS = YES;
				GCC_ENABLE_CPP_RTTI = YES;
				GCC_ENABLE_FLOATING_POINT_LIBRARY_CALLS = YES;
				GCC_ENABLE_OBJC_EXCEPTIONS = NO;
				GCC_ENABLE_TRIGRAPHS = YES;
				GCC_FAST_OBJC_DISPATCH = NO;
				GCC_INPUT_FILETYPE = sourcecode.cpp.cpp;
				GCC_NO_COMMON_BLOCKS = YES;
				GCC_TREAT_IMPLICIT_FUNCTION_DECLARATIONS_AS_ERRORS = YES;
				GCC_TREAT_INCOMPATIBLE_POINTER_TYPE_WARNINGS_AS_ERRORS = YES;
				GCC_USE_INDIRECT_FUNCTION_CALLS = YES;
				GCC_USE_REGISTER_FUNCTION_CALLS = YES;
				GCC_USE_STANDARD_INCLUDE_SEARCHING = YES;
				GCC_VERSION = com.apple.compilers.llvm.clang.1_0;
				GCC_WARN_64_TO_32_BIT_CONVERSION = YES;
				GCC_WARN_ABOUT_MISSING_FIELD_INITIALIZERS = YES;
				GCC_WARN_ABOUT_MISSING_PROTOTYPES = YES;
				GCC_WARN_ABOUT_RETURN_TYPE = YES;
				GCC_WARN_FOUR_CHARACTER_CONSTANTS = YES;
				GCC_WARN_HIDDEN_VIRTUAL_FUNCTIONS = YES;
				GCC_WARN_INITIALIZER_NOT_FULLY_BRACKETED = YES;
				GCC_WARN_MULTIPLE_DEFINITION_TYPES_FOR_SELECTOR = YES;
				GCC_WARN_NON_VIRTUAL_DESTRUCTOR = YES;
				GCC_WARN_PEDANTIC = YES;
				GCC_WARN_SIGN_COMPARE = YES;
				GCC_WARN_STRICT_SELECTOR_MATCH = YES;
				GCC_WARN_UNDECLARED_SELECTOR = YES;
				GCC_WARN_UNINITIALIZED_AUTOS = YES;
				GCC_WARN_UNKNOWN_PRAGMAS = YES;
				GCC_WARN_UNUSED_FUNCTION = YES;
				GCC_WARN_UNUSED_LABEL = YES;
				GCC_WARN_UNUSED_PARAMETER = YES;
				GCC_WARN_UNUSED_VARIABLE = YES;
				GENERATE_MASTER_OBJECT_FILE = YES;
				GENERATE_PROFILING_CODE = YES;
				HEADER_SEARCH_PATHS = (
					"/Applications/root/include/**",
					"/Users/joosep/Documents/gsl/**",
					"../include/**",
				);
				KEEP_PRIVATE_EXTERNS = NO;
				LD_GENERATE_MAP_FILE = YES;
				LD_NO_PIE = YES;
				LIBRARY_SEARCH_PATHS = (
					"\"$(SYSTEM_APPS_DIR)/root/lib\"/**",
					"/Users/joosep/Documents/gsl/libs/**",
					"../lib/archive/**",
				);
				LINKER_DISPLAYS_MANGLED_NAMES = NO;
				LINK_WITH_STANDARD_LIBRARIES = YES;
				LLVM_LTO = NO;
				MACH_O_TYPE = mh_execute;
				MACOSX_DEPLOYMENT_TARGET = 10.8;
				ONLY_ACTIVE_ARCH = YES;
				OSACOMPILE_EXECUTE_ONLY = YES;
				OTHER_CFLAGS = "";
				OTHER_CPLUSPLUSFLAGS = "";
				OTHER_LDFLAGS = (
					"-lpthread",
					"-lm",
					"-ldl",
					"-lSystem",
					"-dynamic",
					"-keep_private_externs",
					"-flat_namespace",
					"-L/Users/joosep/Documents/gsl/libs",
					"-lgsl",
					"-rpath",
					/Applications/root/lib,
					"-lCore",
					"-lCint",
					"-lRIO",
					"-lNet",
					"-lHist",
					"-lGraf",
					"-lGraf3d",
					"-lGpad",
					"-lTree",
					"-lRint",
					"-lPostscript",
					"-lMatrix",
					"-lPhysics",
					"-lMathCore",
					../lib/archive/liblhapdfdummy.a,
					../lib/archive/libpythia8.a,
					"-lThread",
				);
				PRECOMPS_INCLUDE_HEADERS_FROM_BUILT_PRODUCTS_DIR = NO;
				PRELINK_LIBS = "";
				PRODUCT_NAME = "$(TARGET_NAME)";
				RUN_CLANG_STATIC_ANALYZER = NO;
				SCAN_ALL_SOURCE_FILES_FOR_INCLUDES = NO;
				SDKROOT = macosx;
				SEPARATE_SYMBOL_EDIT = NO;
				VALIDATE_PRODUCT = NO;
			};
			name = Release;
		};
/* End XCBuildConfiguration section */

/* Begin XCConfigurationList section */
		A72AD9E616A8AAF900749EF8 /* Build configuration list for PBXProject "genSun" */ = {
			isa = XCConfigurationList;
			buildConfigurations = (
				A72AD9E816A8AAF900749EF8 /* Debug */,
				A72AD9E916A8AAF900749EF8 /* Release */,
			);
			defaultConfigurationIsVisible = 0;
			defaultConfigurationName = Debug;
		};
		A72AD9FC16A8AC6B00749EF8 /* Build configuration list for PBXNativeTarget "genSun" */ = {
			isa = XCConfigurationList;
			buildConfigurations = (
				A72AD9FD16A8AC6B00749EF8 /* Debug */,
				A72AD9FE16A8AC6B00749EF8 /* Release */,
			);
			defaultConfigurationIsVisible = 0;
			defaultConfigurationName = Debug;
		};
/* End XCConfigurationList section */
	};
	rootObject = A72AD9E316A8AAF900749EF8 /* Project object */;
}
